lockfileVersion: '9.0'

settings:
  autoInstallPeers: true
  excludeLinksFromLockfile: false

importers:

  .:
    dependencies:
      '@tauri-apps/api':
        specifier: ^2.2.0
        version: 2.2.0
      ahqstore-types:
        specifier: link:..\src-ahqstore-types\pkg
        version: link:../src-ahqstore-types/pkg
    devDependencies:
      '@rollup/plugin-typescript':
        specifier: ^12.1.2
        version: 12.1.2(rollup@4.34.4)(tslib@2.8.1)(typescript@5.7.3)
      rollup:
        specifier: ^4.34.4
        version: 4.34.4
      tslib:
        specifier: ^2.8.1
        version: 2.8.1
      typescript:
        specifier: ^5.7.3
        version: 5.7.3

packages:

  '@rollup/plugin-typescript@12.1.2':
    resolution: {integrity: sha512-cdtSp154H5sv637uMr1a8OTWB0L1SWDSm1rDGiyfcGcvQ6cuTs4MDk2BVEBGysUWago4OJN4EQZqOTl/QY3Jgg==}
    engines: {node: '>=14.0.0'}
    peerDependencies:
      rollup: ^2.14.0||^3.0.0||^4.0.0
      tslib: '*'
      typescript: '>=3.7.0'
    peerDependenciesMeta:
      rollup:
        optional: true
      tslib:
        optional: true

  '@rollup/pluginutils@5.1.4':
    resolution: {integrity: sha512-USm05zrsFxYLPdWWq+K3STlWiT/3ELn3RcV5hJMghpeAIhxfsUIg6mt12CBJBInWMV4VneoV7SfGv8xIwo2qNQ==}
    engines: {node: '>=14.0.0'}
    peerDependencies:
      rollup: ^1.20.0||^2.0.0||^3.0.0||^4.0.0
    peerDependenciesMeta:
      rollup:
        optional: true

  '@rollup/rollup-android-arm-eabi@4.34.4':
    resolution: {integrity: sha512-gGi5adZWvjtJU7Axs//CWaQbQd/vGy8KGcnEaCWiyCqxWYDxwIlAHFuSe6Guoxtd0SRvSfVTDMPd5H+4KE2kKA==}
    cpu: [arm]
    os: [android]

  '@rollup/rollup-android-arm64@4.34.4':
    resolution: {integrity: sha512-1aRlh1gqtF7vNPMnlf1vJKk72Yshw5zknR/ZAVh7zycRAGF2XBMVDAHmFQz/Zws5k++nux3LOq/Ejj1WrDR6xg==}
    cpu: [arm64]
    os: [android]

  '@rollup/rollup-darwin-arm64@4.34.4':
    resolution: {integrity: sha512-drHl+4qhFj+PV/jrQ78p9ch6A0MfNVZScl/nBps5a7u01aGf/GuBRrHnRegA9bP222CBDfjYbFdjkIJ/FurvSQ==}
    cpu: [arm64]
    os: [darwin]

  '@rollup/rollup-darwin-x64@4.34.4':
    resolution: {integrity: sha512-hQqq/8QALU6t1+fbNmm6dwYsa0PDD4L5r3TpHx9dNl+aSEMnIksHZkSO3AVH+hBMvZhpumIGrTFj8XCOGuIXjw==}
    cpu: [x64]
    os: [darwin]

  '@rollup/rollup-freebsd-arm64@4.34.4':
    resolution: {integrity: sha512-/L0LixBmbefkec1JTeAQJP0ETzGjFtNml2gpQXA8rpLo7Md+iXQzo9kwEgzyat5Q+OG/C//2B9Fx52UxsOXbzw==}
    cpu: [arm64]
    os: [freebsd]

  '@rollup/rollup-freebsd-x64@4.34.4':
    resolution: {integrity: sha512-6Rk3PLRK+b8L/M6m/x6Mfj60LhAUcLJ34oPaxufA+CfqkUrDoUPQYFdRrhqyOvtOKXLJZJwxlOLbQjNYQcRQfw==}
    cpu: [x64]
    os: [freebsd]

  '@rollup/rollup-linux-arm-gnueabihf@4.34.4':
    resolution: {integrity: sha512-kmT3x0IPRuXY/tNoABp2nDvI9EvdiS2JZsd4I9yOcLCCViKsP0gB38mVHOhluzx+SSVnM1KNn9k6osyXZhLoCA==}
    cpu: [arm]
    os: [linux]

  '@rollup/rollup-linux-arm-musleabihf@4.34.4':
    resolution: {integrity: sha512-3iSA9tx+4PZcJH/Wnwsvx/BY4qHpit/u2YoZoXugWVfc36/4mRkgGEoRbRV7nzNBSCOgbWMeuQ27IQWgJ7tRzw==}
    cpu: [arm]
    os: [linux]

  '@rollup/rollup-linux-arm64-gnu@4.34.4':
    resolution: {integrity: sha512-7CwSJW+sEhM9sESEk+pEREF2JL0BmyCro8UyTq0Kyh0nu1v0QPNY3yfLPFKChzVoUmaKj8zbdgBxUhBRR+xGxg==}
    cpu: [arm64]
    os: [linux]

  '@rollup/rollup-linux-arm64-musl@4.34.4':
    resolution: {integrity: sha512-GZdafB41/4s12j8Ss2izofjeFXRAAM7sHCb+S4JsI9vaONX/zQ8cXd87B9MRU/igGAJkKvmFmJJBeeT9jJ5Cbw==}
    cpu: [arm64]
    os: [linux]

  '@rollup/rollup-linux-loongarch64-gnu@4.34.4':
    resolution: {integrity: sha512-uuphLuw1X6ur11675c2twC6YxbzyLSpWggvdawTUamlsoUv81aAXRMPBC1uvQllnBGls0Qt5Siw8reSIBnbdqQ==}
    cpu: [loong64]
    os: [linux]

  '@rollup/rollup-linux-powerpc64le-gnu@4.34.4':
    resolution: {integrity: sha512-KvLEw1os2gSmD6k6QPCQMm2T9P2GYvsMZMRpMz78QpSoEevHbV/KOUbI/46/JRalhtSAYZBYLAnT9YE4i/l4vg==}
    cpu: [ppc64]
    os: [linux]

  '@rollup/rollup-linux-riscv64-gnu@4.34.4':
    resolution: {integrity: sha512-wcpCLHGM9yv+3Dql/CI4zrY2mpQ4WFergD3c9cpRowltEh5I84pRT/EuHZsG0In4eBPPYthXnuR++HrFkeqwkA==}
    cpu: [riscv64]
    os: [linux]

  '@rollup/rollup-linux-s390x-gnu@4.34.4':
    resolution: {integrity: sha512-nLbfQp2lbJYU8obhRQusXKbuiqm4jSJteLwfjnunDT5ugBKdxqw1X9KWwk8xp1OMC6P5d0WbzxzhWoznuVK6XA==}
    cpu: [s390x]
    os: [linux]

  '@rollup/rollup-linux-x64-gnu@4.34.4':
    resolution: {integrity: sha512-JGejzEfVzqc/XNiCKZj14eb6s5w8DdWlnQ5tWUbs99kkdvfq9btxxVX97AaxiUX7xJTKFA0LwoS0KU8C2faZRg==}
    cpu: [x64]
    os: [linux]

  '@rollup/rollup-linux-x64-musl@4.34.4':
    resolution: {integrity: sha512-/iFIbhzeyZZy49ozAWJ1ZR2KW6ZdYUbQXLT4O5n1cRZRoTpwExnHLjlurDXXPKEGxiAg0ujaR9JDYKljpr2fDg==}
    cpu: [x64]
    os: [linux]

  '@rollup/rollup-win32-arm64-msvc@4.34.4':
    resolution: {integrity: sha512-qORc3UzoD5UUTneiP2Afg5n5Ti1GAW9Gp5vHPxzvAFFA3FBaum9WqGvYXGf+c7beFdOKNos31/41PRMUwh1tpA==}
    cpu: [arm64]
    os: [win32]

  '@rollup/rollup-win32-ia32-msvc@4.34.4':
    resolution: {integrity: sha512-5g7E2PHNK2uvoD5bASBD9aelm44nf1w4I5FEI7MPHLWcCSrR8JragXZWgKPXk5i2FU3JFfa6CGZLw2RrGBHs2Q==}
    cpu: [ia32]
    os: [win32]

  '@rollup/rollup-win32-x64-msvc@4.34.4':
    resolution: {integrity: sha512-p0scwGkR4kZ242xLPBuhSckrJ734frz6v9xZzD+kHVYRAkSUmdSLCIJRfql6H5//aF8Q10K+i7q8DiPfZp0b7A==}
    cpu: [x64]
    os: [win32]

  '@tauri-apps/api@2.2.0':
    resolution: {integrity: sha512-R8epOeZl1eJEl603aUMIGb4RXlhPjpgxbGVEaqY+0G5JG9vzV/clNlzTeqc+NLYXVqXcn8mb4c5b9pJIUDEyAg==}

  '@types/estree@1.0.6':
    resolution: {integrity: sha512-AYnb1nQyY49te+VRAVgmzfcgjYS91mY5P0TKUDCLEM+gNnA+3T6rWITXRLYCpahpqSQbN5cE+gHpnPyXjHWxcw==}

  estree-walker@2.0.2:
    resolution: {integrity: sha512-Rfkk/Mp/DL7JVje3u18FxFujQlTNR2q6QfMSMB7AvCBx91NGj/ba3kCfza0f6dVDbw7YlRf/nDrn7pQrCCyQ/w==}

  fsevents@2.3.3:
    resolution: {integrity: sha512-5xoDfX+fL7faATnagmWPpbFtwh/R77WmMMqqHGS65C3vvB0YHrgF+B1YmZ3441tMj5n63k0212XNoJwzlhffQw==}
    engines: {node: ^8.16.0 || ^10.6.0 || >=11.0.0}
    os: [darwin]

  function-bind@1.1.2:
    resolution: {integrity: sha512-7XHNxH7qX9xG5mIwxkhumTox/MIRNcOgDrxWsMt2pAr23WHp6MrRlN7FBSFpCpr+oVO0F744iUgR82nJMfG2SA==}

  hasown@2.0.2:
    resolution: {integrity: sha512-0hJU9SCPvmMzIBdZFqNPXWa6dqh7WdH0cII9y+CyS8rG3nL48Bclra9HmKhVVUHyPWNH5Y7xDwAB7bfgSjkUMQ==}
    engines: {node: '>= 0.4'}

  is-core-module@2.16.1:
    resolution: {integrity: sha512-UfoeMA6fIJ8wTYFEUjelnaGI67v6+N7qXJEvQuIGa99l4xsCruSYOVSQ0uPANn4dAzm8lkYPaKLrrijLq7x23w==}
    engines: {node: '>= 0.4'}

  path-parse@1.0.7:
    resolution: {integrity: sha512-LDJzPVEEEPR+y48z93A0Ed0yXb8pAByGWo/k5YYdYgpY2/2EsOsksJrq7lOHxryrVOn1ejG6oAp8ahvOIQD8sw==}

  picomatch@4.0.2:
    resolution: {integrity: sha512-M7BAV6Rlcy5u+m6oPhAPFgJTzAioX/6B0DxyvDlo9l8+T3nLKbrczg2WLUyzd45L8RqfUMyGPzekbMvX2Ldkwg==}
    engines: {node: '>=12'}

  resolve@1.22.10:
    resolution: {integrity: sha512-NPRy+/ncIMeDlTAsuqwKIiferiawhefFJtkNSW0qZJEqMEb+qBt/77B/jGeeek+F0uOeN05CDa6HXbbIgtVX4w==}
    engines: {node: '>= 0.4'}
    hasBin: true

  rollup@4.34.4:
    resolution: {integrity: sha512-spF66xoyD7rz3o08sHP7wogp1gZ6itSq22SGa/IZTcUDXDlOyrShwMwkVSB+BUxFRZZCUYqdb3KWDEOMVQZxuw==}
    engines: {node: '>=18.0.0', npm: '>=8.0.0'}
    hasBin: true

  supports-preserve-symlinks-flag@1.0.0:
    resolution: {integrity: sha512-ot0WnXS9fgdkgIcePe6RHNk1WA8+muPa6cSjeR3V8K27q9BB1rTE3R1p7Hv0z1ZyAc8s6Vvv8DIyWf681MAt0w==}
    engines: {node: '>= 0.4'}

  tslib@2.8.1:
    resolution: {integrity: sha512-oJFu94HQb+KVduSUQL7wnpmqnfmLsOA/nAh6b6EH0wCEoK0/mPeXU6c3wKDV83MkOuHPRHtSXKKU99IBazS/2w==}

  typescript@5.7.3:
    resolution: {integrity: sha512-84MVSjMEHP+FQRPy3pX9sTVV/INIex71s9TL2Gm5FG/WG1SqXeKyZ0k7/blY/4FdOzI12CBy1vGc4og/eus0fw==}
    engines: {node: '>=14.17'}
    hasBin: true

snapshots:

  '@rollup/plugin-typescript@12.1.2(rollup@4.34.4)(tslib@2.8.1)(typescript@5.7.3)':
    dependencies:
      '@rollup/pluginutils': 5.1.4(rollup@4.34.4)
      resolve: 1.22.10
      typescript: 5.7.3
    optionalDependencies:
      rollup: 4.34.4
      tslib: 2.8.1

  '@rollup/pluginutils@5.1.4(rollup@4.34.4)':
    dependencies:
      '@types/estree': 1.0.6
      estree-walker: 2.0.2
      picomatch: 4.0.2
    optionalDependencies:
      rollup: 4.34.4

  '@rollup/rollup-android-arm-eabi@4.34.4':
    optional: true

  '@rollup/rollup-android-arm64@4.34.4':
    optional: true

  '@rollup/rollup-darwin-arm64@4.34.4':
    optional: true

  '@rollup/rollup-darwin-x64@4.34.4':
    optional: true

  '@rollup/rollup-freebsd-arm64@4.34.4':
    optional: true

  '@rollup/rollup-freebsd-x64@4.34.4':
    optional: true

  '@rollup/rollup-linux-arm-gnueabihf@4.34.4':
    optional: true

  '@rollup/rollup-linux-arm-musleabihf@4.34.4':
    optional: true

  '@rollup/rollup-linux-arm64-gnu@4.34.4':
    optional: true

  '@rollup/rollup-linux-arm64-musl@4.34.4':
    optional: true

  '@rollup/rollup-linux-loongarch64-gnu@4.34.4':
    optional: true

  '@rollup/rollup-linux-powerpc64le-gnu@4.34.4':
    optional: true

  '@rollup/rollup-linux-riscv64-gnu@4.34.4':
    optional: true

  '@rollup/rollup-linux-s390x-gnu@4.34.4':
    optional: true

  '@rollup/rollup-linux-x64-gnu@4.34.4':
    optional: true

  '@rollup/rollup-linux-x64-musl@4.34.4':
    optional: true

  '@rollup/rollup-win32-arm64-msvc@4.34.4':
    optional: true

  '@rollup/rollup-win32-ia32-msvc@4.34.4':
    optional: true

  '@rollup/rollup-win32-x64-msvc@4.34.4':
    optional: true

  '@tauri-apps/api@2.2.0': {}

  '@types/estree@1.0.6': {}

  estree-walker@2.0.2: {}

  fsevents@2.3.3:
    optional: true

  function-bind@1.1.2: {}

  hasown@2.0.2:
    dependencies:
      function-bind: 1.1.2

  is-core-module@2.16.1:
    dependencies:
      hasown: 2.0.2

  path-parse@1.0.7: {}

  picomatch@4.0.2: {}

  resolve@1.22.10:
    dependencies:
      is-core-module: 2.16.1
      path-parse: 1.0.7
      supports-preserve-symlinks-flag: 1.0.0

  rollup@4.34.4:
    dependencies:
      '@types/estree': 1.0.6
    optionalDependencies:
      '@rollup/rollup-android-arm-eabi': 4.34.4
      '@rollup/rollup-android-arm64': 4.34.4
      '@rollup/rollup-darwin-arm64': 4.34.4
      '@rollup/rollup-darwin-x64': 4.34.4
      '@rollup/rollup-freebsd-arm64': 4.34.4
      '@rollup/rollup-freebsd-x64': 4.34.4
      '@rollup/rollup-linux-arm-gnueabihf': 4.34.4
      '@rollup/rollup-linux-arm-musleabihf': 4.34.4
      '@rollup/rollup-linux-arm64-gnu': 4.34.4
      '@rollup/rollup-linux-arm64-musl': 4.34.4
      '@rollup/rollup-linux-loongarch64-gnu': 4.34.4
      '@rollup/rollup-linux-powerpc64le-gnu': 4.34.4
      '@rollup/rollup-linux-riscv64-gnu': 4.34.4
      '@rollup/rollup-linux-s390x-gnu': 4.34.4
      '@rollup/rollup-linux-x64-gnu': 4.34.4
      '@rollup/rollup-linux-x64-musl': 4.34.4
      '@rollup/rollup-win32-arm64-msvc': 4.34.4
      '@rollup/rollup-win32-ia32-msvc': 4.34.4
      '@rollup/rollup-win32-x64-msvc': 4.34.4
      fsevents: 2.3.3

  supports-preserve-symlinks-flag@1.0.0: {}

  tslib@2.8.1: {}

  typescript@5.7.3: {}
